
Microsoft Visual Studio Solution File, Format Version 12.00
# Visual Studio Version 17
VisualStudioVersion = 17.5.33502.453
MinimumVisualStudioVersion = 10.0.40219.1
Project("{FAE04EC0-301F-11D3-BF4B-00C04F79EFBC}") = "TelefonSatisi.App", "TelefonSatisi.App\TelefonSatisi.App.csproj", "{F3F9D008-1D53-40B3-B283-1CFE01E4661D}"
EndProject
Global
	GlobalSection(SolutionConfigurationPlatforms) = preSolution
		Debug|Any CPU = Debug|Any CPU
		Release|Any CPU = Release|Any CPU
	EndGlobalSection
	GlobalSection(ProjectConfigurationPlatforms) = postSolution
		{F3F9D008-1D53-40B3-B283-1CFE01E4661D}.Debug|Any CPU.ActiveCfg = Debug|Any CPU
		{F3F9D008-1D53-40B3-B283-1CFE01E4661D}.Debug|Any CPU.Build.0 = Debug|Any CPU
		{F3F9D008-1D53-40B3-B283-1CFE01E4661D}.Release|Any CPU.ActiveCfg = Release|Any CPU
		{F3F9D008-1D53-40B3-B283-1CFE01E4661D}.Release|Any CPU.Build.0 = Release|Any CPU
	EndGlobalSection
	GlobalSection(SolutionProperties) = preSolution
		HideSolutionNode = FALSE
	EndGlobalSection
	GlobalSection(ExtensibilityGlobals) = postSolution
		SolutionGuid = {D78D8B4E-CAB6-4319-AFD1-C0E6BC532E4E}
	EndGlobalSection
EndGlobal
